<Solution>
  <Folder Name="/WebArMa.Blogs/" />
  <Folder Name="/WebArMa.Blogs/src/">
    <Project Path="WebArMa.Blogs/WebArMa.Blogs.csproj" Id="21524bb5-3749-4f20-b43e-0e9719b80f13" />
  </Folder>
  <Folder Name="/WebArMa.Identity/" />
  <Folder Name="/WebArMa.Identity/src/">
    <Project Path="WebArMa.Identity/WebArMa.Identity.csproj" Id="408204a4-fcdb-461b-88e9-a88f5cfc505d" />
  </Folder>
  <Folder Name="/WebArMa.Persons/" />
  <Folder Name="/WebArMa.Persons/src/">
    <Project Path="WebArMa.Persons/WebArMa.Persons.csproj" Id="3b61fb8c-7429-46b9-a711-b89787579ff3" />
  </Folder>
  <Folder Name="/WebArMa.RealStates/" />
  <Folder Name="/WebArMa.RealStates/src/">
    <Project Path="WebArMa.RealStates/WebArMa.RealStates.csproj" Id="6dbc9610-e545-43e6-a7be-a6c0c45be0c2" />
  </Folder>
  <Folder Name="/WebArMa.Tests/">
    <Project Path="WebArMa.EndPoint.Test/WebArMa.EndPoint.Test.csproj" Id="358d6c8a-2b77-4070-9c63-fb499cd223f2" />
  </Folder>
  <Folder Name="/WebArMa/" />
  <Folder Name="/WebArMa/src/">
    <Project Path="WebArMa/WebArMa.csproj" Id="edae4dd3-56dc-409b-b320-532909a5ef17" />
  </Folder>
</Solution>
